# This file is automatically @generated by Cargo.
# It is not intended for manual editing.
version = 4

[[package]]
name = "coord_2d"
version = "0.3.7"
source = "registry+https://github.com/rust-lang/crates.io-index"
checksum = "0f941429f31aa80449c9b9e4b3b223615d7141cfb623ee551b488925fc502fd6"

[[package]]
name = "day01"
version = "0.1.0"
dependencies = [
 "direction",
 "jagger",
]

[[package]]
name = "day02"
version = "0.1.0"
dependencies = [
 "direction",
 "jagger",
]

[[package]]
name = "direction"
version = "0.18.1"
source = "registry+https://github.com/rust-lang/crates.io-index"
checksum = "3c56672976b806b6fe8e41998c6d0503cd02479c6059c47451ce8addc7871271"
dependencies = [
 "coord_2d",
]

[[package]]
name = "jagger"
version = "0.1.0"
dependencies = [
 "direction",
]
